
Microsoft Visual Studio Solution File, Format Version 12.00
# Visual Studio Version 17
VisualStudioVersion = 17.9.34902.65
MinimumVisualStudioVersion = 10.0.40219.1
Project("{2150E333-8FDC-42A3-9474-1A3956D46DE8}") = "Microservices", "Microservices", "{F268F847-9DC1-4DD6-9EB0-17D16A568C57}"
EndProject
Project("{2150E333-8FDC-42A3-9474-1A3956D46DE8}") = "Catalog", "Catalog", "{10BA0F7D-CE3A-48D3-A759-131D5A561BC0}"
EndProject
Project("{9A19103F-16F7-4668-BE54-9A1E7A4F7556}") = "Catalog.API", "Microservices\Catalog\Catalog.API\Catalog.API.csproj", "{FD52D4AE-CB34-4ACA-B337-D3030B32371B}"
EndProject
Project("{2150E333-8FDC-42A3-9474-1A3956D46DE8}") = "Common", "Common", "{2540F34D-6C50-4DA9-A2EA-B92A5FFB76E0}"
EndProject
Project("{9A19103F-16F7-4668-BE54-9A1E7A4F7556}") = "BuildingBlocks", "Common\BuildingBlocks\BuildingBlocks.csproj", "{C8A8AC18-C351-47EB-9775-0BBAE0D49CA5}"
EndProject
Project("{E53339B2-1760-4266-BCC7-CA923CBCF16C}") = "docker-compose", "docker-compose.dcproj", "{97BAA635-F4C2-4183-ABC0-C598D33038C6}"
EndProject
Project("{2150E333-8FDC-42A3-9474-1A3956D46DE8}") = "Basket", "Basket", "{DAC5E801-C372-403B-BAED-51F640519491}"
EndProject
Project("{9A19103F-16F7-4668-BE54-9A1E7A4F7556}") = "Basket.API", "Microservices\Basket\Basket.API\Basket.API.csproj", "{D7EA0F94-D725-431B-9D53-BBA280C02F4A}"
EndProject
Project("{2150E333-8FDC-42A3-9474-1A3956D46DE8}") = "Discount", "Discount", "{00658864-3CB8-4C63-A88B-DF9B599B0367}"
EndProject
Project("{FAE04EC0-301F-11D3-BF4B-00C04F79EFBC}") = "Discount.gRPC", "Microservices\Discount\Discount.gRPC\Discount.gRPC.csproj", "{5C415A2A-AD8E-4D81-B754-DEE9306FCB3A}"
EndProject
Global
	GlobalSection(SolutionConfigurationPlatforms) = preSolution
		Debug|Any CPU = Debug|Any CPU
		Release|Any CPU = Release|Any CPU
	EndGlobalSection
	GlobalSection(ProjectConfigurationPlatforms) = postSolution
		{FD52D4AE-CB34-4ACA-B337-D3030B32371B}.Debug|Any CPU.ActiveCfg = Debug|Any CPU
		{FD52D4AE-CB34-4ACA-B337-D3030B32371B}.Debug|Any CPU.Build.0 = Debug|Any CPU
		{FD52D4AE-CB34-4ACA-B337-D3030B32371B}.Release|Any CPU.ActiveCfg = Release|Any CPU
		{FD52D4AE-CB34-4ACA-B337-D3030B32371B}.Release|Any CPU.Build.0 = Release|Any CPU
		{C8A8AC18-C351-47EB-9775-0BBAE0D49CA5}.Debug|Any CPU.ActiveCfg = Debug|Any CPU
		{C8A8AC18-C351-47EB-9775-0BBAE0D49CA5}.Debug|Any CPU.Build.0 = Debug|Any CPU
		{C8A8AC18-C351-47EB-9775-0BBAE0D49CA5}.Release|Any CPU.ActiveCfg = Release|Any CPU
		{C8A8AC18-C351-47EB-9775-0BBAE0D49CA5}.Release|Any CPU.Build.0 = Release|Any CPU
		{97BAA635-F4C2-4183-ABC0-C598D33038C6}.Debug|Any CPU.ActiveCfg = Debug|Any CPU
		{97BAA635-F4C2-4183-ABC0-C598D33038C6}.Debug|Any CPU.Build.0 = Debug|Any CPU
		{97BAA635-F4C2-4183-ABC0-C598D33038C6}.Release|Any CPU.ActiveCfg = Release|Any CPU
		{97BAA635-F4C2-4183-ABC0-C598D33038C6}.Release|Any CPU.Build.0 = Release|Any CPU
		{D7EA0F94-D725-431B-9D53-BBA280C02F4A}.Debug|Any CPU.ActiveCfg = Debug|Any CPU
		{D7EA0F94-D725-431B-9D53-BBA280C02F4A}.Debug|Any CPU.Build.0 = Debug|Any CPU
		{D7EA0F94-D725-431B-9D53-BBA280C02F4A}.Release|Any CPU.ActiveCfg = Release|Any CPU
		{D7EA0F94-D725-431B-9D53-BBA280C02F4A}.Release|Any CPU.Build.0 = Release|Any CPU
		{5C415A2A-AD8E-4D81-B754-DEE9306FCB3A}.Debug|Any CPU.ActiveCfg = Debug|Any CPU
		{5C415A2A-AD8E-4D81-B754-DEE9306FCB3A}.Debug|Any CPU.Build.0 = Debug|Any CPU
		{5C415A2A-AD8E-4D81-B754-DEE9306FCB3A}.Release|Any CPU.ActiveCfg = Release|Any CPU
		{5C415A2A-AD8E-4D81-B754-DEE9306FCB3A}.Release|Any CPU.Build.0 = Release|Any CPU
	EndGlobalSection
	GlobalSection(SolutionProperties) = preSolution
		HideSolutionNode = FALSE
	EndGlobalSection
	GlobalSection(NestedProjects) = preSolution
		{10BA0F7D-CE3A-48D3-A759-131D5A561BC0} = {F268F847-9DC1-4DD6-9EB0-17D16A568C57}
		{FD52D4AE-CB34-4ACA-B337-D3030B32371B} = {10BA0F7D-CE3A-48D3-A759-131D5A561BC0}
		{C8A8AC18-C351-47EB-9775-0BBAE0D49CA5} = {2540F34D-6C50-4DA9-A2EA-B92A5FFB76E0}
		{DAC5E801-C372-403B-BAED-51F640519491} = {F268F847-9DC1-4DD6-9EB0-17D16A568C57}
		{D7EA0F94-D725-431B-9D53-BBA280C02F4A} = {DAC5E801-C372-403B-BAED-51F640519491}
		{00658864-3CB8-4C63-A88B-DF9B599B0367} = {F268F847-9DC1-4DD6-9EB0-17D16A568C57}
		{5C415A2A-AD8E-4D81-B754-DEE9306FCB3A} = {00658864-3CB8-4C63-A88B-DF9B599B0367}
	EndGlobalSection
	GlobalSection(ExtensibilityGlobals) = postSolution
		SolutionGuid = {5E50B5A4-5503-49C2-8B11-9D63B45E0B28}
	EndGlobalSection
EndGlobal
